importers:
  .:
    specifiers: {}
  packages/stream-text-encoding:
    devDependencies:
      rollup: registry.npmjs.org/rollup/1.22.0
      rollup-plugin-typescript: registry.npmjs.org/rollup-plugin-typescript/1.0.1_tslib@1.10.0+typescript@3.6.3
      tslib: registry.npmjs.org/tslib/1.10.0
      typescript: registry.npmjs.org/typescript/3.6.3
    specifiers:
      rollup: ^1.22.0
      rollup-plugin-typescript: ^1.0.1
      tslib: ^1.10.0
      typescript: ^3.6.3
  packages/streams:
    devDependencies:
      rollup: registry.npmjs.org/rollup/1.22.0
      rollup-plugin-typescript: registry.npmjs.org/rollup-plugin-typescript/1.0.1_tslib@1.10.0+typescript@3.6.3
      tslib: registry.npmjs.org/tslib/1.10.0
      typescript: registry.npmjs.org/typescript/3.6.3
    specifiers:
      rollup: ^1.22.0
      rollup-plugin-typescript: ^1.0.1
      tslib: ^1.10.0
      typescript: ^3.6.3
  packages/streams-fetch-adapter:
    devDependencies:
      rollup: registry.npmjs.org/rollup/1.22.0
      rollup-plugin-typescript: registry.npmjs.org/rollup-plugin-typescript/1.0.1_tslib@1.10.0+typescript@3.6.3
      tslib: registry.npmjs.org/tslib/1.10.0
      typescript: registry.npmjs.org/typescript/3.6.3
    specifiers:
      rollup: ^1.22.0
      rollup-plugin-typescript: ^1.0.1
      tslib: ^1.10.0
      typescript: ^3.6.3
  packages/streams-polyfill:
    devDependencies:
      '@stardazed/streams': 'link:../streams'
      '@stardazed/streams-fetch-adapter': 'link:../streams-fetch-adapter'
      '@stardazed/streams-text-encoding': 'link:../stream-text-encoding'
      rollup: registry.npmjs.org/rollup/1.22.0
      rollup-plugin-node-resolve: registry.npmjs.org/rollup-plugin-node-resolve/5.2.0_rollup@1.22.0
      rollup-plugin-terser: registry.npmjs.org/rollup-plugin-terser/5.1.2_rollup@1.22.0
      rollup-plugin-typescript: registry.npmjs.org/rollup-plugin-typescript/1.0.1_tslib@1.10.0+typescript@3.6.3
      tslib: registry.npmjs.org/tslib/1.10.0
      typescript: registry.npmjs.org/typescript/3.6.3
    specifiers:
      '@stardazed/streams': ^3.0.0
      '@stardazed/streams-fetch-adapter': ^2.0.0
      '@stardazed/streams-text-encoding': ^1.0.2
      rollup: ^1.22.0
      rollup-plugin-node-resolve: ^5.2.0
      rollup-plugin-terser: ^5.1.2
      rollup-plugin-typescript: ^1.0.1
      tslib: ^1.10.0
      typescript: ^3.6.3
lockfileVersion: 5.1
packages:
  registry.npmjs.org/@babel/code-frame/7.5.5:
    dependencies:
      '@babel/highlight': registry.npmjs.org/@babel/highlight/7.5.0
    dev: true
    name: '@babel/code-frame'
    resolution:
      integrity: sha512-27d4lZoomVyo51VegxI20xZPuSHusqbQag/ztrBC7wegWoQ1nLREPVSKSW8byhTlzTKyNE4ifaTA6lCp7JjpFw==
      registry: 'https://registry.npmjs.com/'
      tarball: 'https://registry.npmjs.org/@babel/code-frame/-/code-frame-7.5.5.tgz'
    version: 7.5.5
  registry.npmjs.org/@babel/highlight/7.5.0:
    dependencies:
      chalk: registry.npmjs.org/chalk/2.4.2
      esutils: registry.npmjs.org/esutils/2.0.3
      js-tokens: registry.npmjs.org/js-tokens/4.0.0
    dev: true
    name: '@babel/highlight'
    resolution:
      integrity: sha512-7dV4eu9gBxoM0dAnj/BCFDW9LFU0zvTrkq0ugM7pnHEgguOEeOz1so2ZghEdzviYzQEED0r4EAgpsBChKy1TRQ==
      registry: 'https://registry.npmjs.com/'
      tarball: 'https://registry.npmjs.org/@babel/highlight/-/highlight-7.5.0.tgz'
    version: 7.5.0
  registry.npmjs.org/@types/estree/0.0.39:
    dev: true
    name: '@types/estree'
    resolution:
      integrity: sha512-EYNwp3bU+98cpU4lAWYYL7Zz+2gryWH1qbdDTidVd6hkiR6weksdbMadyXKXNPEkQFhXM+hVO9ZygomHXp+AIw==
      registry: 'https://registry.npmjs.com/'
      tarball: 'https://registry.npmjs.org/@types/estree/-/estree-0.0.39.tgz'
    version: 0.0.39
  registry.npmjs.org/@types/node/12.7.9:
    dev: true
    name: '@types/node'
    resolution:
      integrity: sha512-P57oKTJ/vYivL2BCfxCC5tQjlS8qW31pbOL6qt99Yrjm95YdHgNZwjrTTjMBh+C2/y6PXIX4oz253+jUzxKKfQ==
      registry: 'https://registry.npmjs.com/'
      tarball: 'https://registry.npmjs.org/@types/node/-/node-12.7.9.tgz'
    version: 12.7.9
  registry.npmjs.org/@types/resolve/0.0.8:
    dependencies:
      '@types/node': registry.npmjs.org/@types/node/12.7.9
    dev: true
    name: '@types/resolve'
    resolution:
      integrity: sha512-auApPaJf3NPfe18hSoJkp8EbZzer2ISk7o8mCC3M9he/a04+gbMF97NkpD2S8riMGvm4BMRI59/SZQSaLTKpsQ==
      registry: 'https://registry.npmjs.com/'
      tarball: 'https://registry.npmjs.org/@types/resolve/-/resolve-0.0.8.tgz'
    version: 0.0.8
  registry.npmjs.org/acorn/7.1.0:
    dev: true
    engines:
      node: '>=0.4.0'
    hasBin: true
    name: acorn
    resolution:
      integrity: sha512-kL5CuoXA/dgxlBbVrflsflzQ3PAas7RYZB52NOm/6839iVYJgKMJ3cQJD+t2i5+qFa8h3MDpEOJiS64E8JLnSQ==
      registry: 'https://registry.npmjs.com/'
      tarball: 'https://registry.npmjs.org/acorn/-/acorn-7.1.0.tgz'
    version: 7.1.0
  registry.npmjs.org/ansi-styles/3.2.1:
    dependencies:
      color-convert: registry.npmjs.org/color-convert/1.9.3
    dev: true
    engines:
      node: '>=4'
    name: ansi-styles
    resolution:
      integrity: sha512-VT0ZI6kZRdTh8YyJw3SMbYm/u+NqfsAxEpWO0Pf9sq8/e94WxxOpPKx9FR1FlyCtOVDNOQ+8ntlqFxiRc+r5qA==
      registry: 'https://registry.npmjs.com/'
      tarball: 'https://registry.npmjs.org/ansi-styles/-/ansi-styles-3.2.1.tgz'
    version: 3.2.1
  registry.npmjs.org/buffer-from/1.1.1:
    dev: true
    name: buffer-from
    resolution:
      integrity: sha512-MQcXEUbCKtEo7bhqEs6560Hyd4XaovZlO/k9V3hjVUF/zwW7KBVdSK4gIt/bzwS9MbR5qob+F5jusZsb0YQK2A==
      registry: 'https://registry.npmjs.com/'
      tarball: 'https://registry.npmjs.org/buffer-from/-/buffer-from-1.1.1.tgz'
    version: 1.1.1
  registry.npmjs.org/builtin-modules/3.1.0:
    dev: true
    engines:
      node: '>=6'
    name: builtin-modules
    resolution:
      integrity: sha512-k0KL0aWZuBt2lrxrcASWDfwOLMnodeQjodT/1SxEQAXsHANgo6ZC/VEaSEHCXt7aSTZ4/4H5LKa+tBXmW7Vtvw==
      registry: 'https://registry.npmjs.com/'
      tarball: 'https://registry.npmjs.org/builtin-modules/-/builtin-modules-3.1.0.tgz'
    version: 3.1.0
  registry.npmjs.org/chalk/2.4.2:
    dependencies:
      ansi-styles: registry.npmjs.org/ansi-styles/3.2.1
      escape-string-regexp: registry.npmjs.org/escape-string-regexp/1.0.5
      supports-color: registry.npmjs.org/supports-color/5.5.0
    dev: true
    engines:
      node: '>=4'
    name: chalk
    resolution:
      integrity: sha512-Mti+f9lpJNcwF4tWV8/OrTTtF1gZi+f8FqlyAdouralcFWFQWF2+NgCHShjkCb+IFBLq9buZwE1xckQU4peSuQ==
      registry: 'https://registry.npmjs.com/'
      tarball: 'https://registry.npmjs.org/chalk/-/chalk-2.4.2.tgz'
    version: 2.4.2
  registry.npmjs.org/color-convert/1.9.3:
    dependencies:
      color-name: registry.npmjs.org/color-name/1.1.3
    dev: true
    name: color-convert
    resolution:
      integrity: sha512-QfAUtd+vFdAtFQcC8CCyYt1fYWxSqAiK2cSD6zDB8N3cpsEBAvRxp9zOGg6G/SHHJYAT88/az/IuDGALsNVbGg==
      registry: 'https://registry.npmjs.com/'
      tarball: 'https://registry.npmjs.org/color-convert/-/color-convert-1.9.3.tgz'
    version: 1.9.3
  registry.npmjs.org/color-name/1.1.3:
    dev: true
    name: color-name
    resolution:
      integrity: sha1-p9BVi9icQveV3UIyj3QIMcpTvCU=
      registry: 'https://registry.npmjs.com/'
      tarball: 'https://registry.npmjs.org/color-name/-/color-name-1.1.3.tgz'
    version: 1.1.3
  registry.npmjs.org/commander/2.20.1:
    dev: true
    name: commander
    resolution:
      integrity: sha512-cCuLsMhJeWQ/ZpsFTbE765kvVfoeSddc4nU3up4fV+fDBcfUXnbITJ+JzhkdjzOqhURjZgujxaioam4RM9yGUg==
      registry: 'https://registry.npmjs.com/'
      tarball: 'https://registry.npmjs.org/commander/-/commander-2.20.1.tgz'
    version: 2.20.1
  registry.npmjs.org/escape-string-regexp/1.0.5:
    dev: true
    engines:
      node: '>=0.8.0'
    name: escape-string-regexp
    resolution:
      integrity: sha1-G2HAViGQqN/2rjuyzwIAyhMLhtQ=
      registry: 'https://registry.npmjs.com/'
      tarball: 'https://registry.npmjs.org/escape-string-regexp/-/escape-string-regexp-1.0.5.tgz'
    version: 1.0.5
  registry.npmjs.org/estree-walker/0.6.1:
    dev: true
    name: estree-walker
    resolution:
      integrity: sha512-SqmZANLWS0mnatqbSfRP5g8OXZC12Fgg1IwNtLsyHDzJizORW4khDfjPqJZsemPWBB2uqykUah5YpQ6epsqC/w==
      registry: 'https://registry.npmjs.com/'
      tarball: 'https://registry.npmjs.org/estree-walker/-/estree-walker-0.6.1.tgz'
    version: 0.6.1
  registry.npmjs.org/esutils/2.0.3:
    dev: true
    engines:
      node: '>=0.10.0'
    name: esutils
    resolution:
      integrity: sha512-kVscqXk4OCp68SZ0dkgEKVi6/8ij300KBWTJq32P/dYeWTSwK41WyTxalN1eRmA5Z9UU/LX9D7FWSmV9SAYx6g==
      registry: 'https://registry.npmjs.com/'
      tarball: 'https://registry.npmjs.org/esutils/-/esutils-2.0.3.tgz'
    version: 2.0.3
  registry.npmjs.org/has-flag/3.0.0:
    dev: true
    engines:
      node: '>=4'
    name: has-flag
    resolution:
      integrity: sha1-tdRU3CGZriJWmfNGfloH87lVuv0=
      registry: 'https://registry.npmjs.com/'
      tarball: 'https://registry.npmjs.org/has-flag/-/has-flag-3.0.0.tgz'
    version: 3.0.0
  registry.npmjs.org/is-module/1.0.0:
    dev: true
    name: is-module
    resolution:
      integrity: sha1-Mlj7afeMFNW4FdZkM2tM/7ZEFZE=
      registry: 'https://registry.npmjs.com/'
      tarball: 'https://registry.npmjs.org/is-module/-/is-module-1.0.0.tgz'
    version: 1.0.0
  registry.npmjs.org/jest-worker/24.9.0:
    dependencies:
      merge-stream: registry.npmjs.org/merge-stream/2.0.0
      supports-color: registry.npmjs.org/supports-color/6.1.0
    dev: true
    engines:
      node: '>= 6'
    name: jest-worker
    resolution:
      integrity: sha512-51PE4haMSXcHohnSMdM42anbvZANYTqMrr52tVKPqqsPJMzoP6FYYDVqahX/HrAoKEKz3uUPzSvKs9A3qR4iVw==
      registry: 'https://registry.npmjs.com/'
      tarball: 'https://registry.npmjs.org/jest-worker/-/jest-worker-24.9.0.tgz'
    version: 24.9.0
  registry.npmjs.org/js-tokens/4.0.0:
    dev: true
    name: js-tokens
    resolution:
      integrity: sha512-RdJUflcE3cUzKiMqQgsCu06FPu9UdIJO0beYbPhHN4k6apgJtifcoCtT9bcxOpYBtpD2kCM6Sbzg4CausW/PKQ==
      registry: 'https://registry.npmjs.com/'
      tarball: 'https://registry.npmjs.org/js-tokens/-/js-tokens-4.0.0.tgz'
    version: 4.0.0
  registry.npmjs.org/merge-stream/2.0.0:
    dev: true
    name: merge-stream
    resolution:
      integrity: sha512-abv/qOcuPfk3URPfDzmZU1LKmuw8kT+0nIHvKrKgFrwifol/doWcdA4ZqsWQ8ENrFKkd67Mfpo/LovbIUsbt3w==
      registry: 'https://registry.npmjs.com/'
      tarball: 'https://registry.npmjs.org/merge-stream/-/merge-stream-2.0.0.tgz'
    version: 2.0.0
  registry.npmjs.org/path-parse/1.0.6:
    dev: true
    name: path-parse
    resolution:
      integrity: sha512-GSmOT2EbHrINBf9SR7CDELwlJ8AENk3Qn7OikK4nFYAu3Ote2+JYNVvkpAEQm3/TLNEJFD/xZJjzyxg3KBWOzw==
      registry: 'https://registry.npmjs.com/'
      tarball: 'https://registry.npmjs.org/path-parse/-/path-parse-1.0.6.tgz'
    version: 1.0.6
  registry.npmjs.org/resolve/1.12.0:
    dependencies:
      path-parse: registry.npmjs.org/path-parse/1.0.6
    dev: true
    name: resolve
    resolution:
      integrity: sha512-B/dOmuoAik5bKcD6s6nXDCjzUKnaDvdkRyAk6rsmsKLipWj4797iothd7jmmUhWTfinVMU+wc56rYKsit2Qy4w==
      registry: 'https://registry.npmjs.com/'
      tarball: 'https://registry.npmjs.org/resolve/-/resolve-1.12.0.tgz'
    version: 1.12.0
  registry.npmjs.org/rollup-plugin-node-resolve/5.2.0_rollup@1.22.0:
    dependencies:
      '@types/resolve': registry.npmjs.org/@types/resolve/0.0.8
      builtin-modules: registry.npmjs.org/builtin-modules/3.1.0
      is-module: registry.npmjs.org/is-module/1.0.0
      resolve: registry.npmjs.org/resolve/1.12.0
      rollup: registry.npmjs.org/rollup/1.22.0
      rollup-pluginutils: registry.npmjs.org/rollup-pluginutils/2.8.2
    dev: true
    id: registry.npmjs.org/rollup-plugin-node-resolve/5.2.0
    name: rollup-plugin-node-resolve
    peerDependencies:
      rollup: '>=1.11.0'
    resolution:
      integrity: sha512-jUlyaDXts7TW2CqQ4GaO5VJ4PwwaV8VUGA7+km3n6k6xtOEacf61u0VXwN80phY/evMcaS+9eIeJ9MOyDxt5Zw==
      registry: 'https://registry.npmjs.com/'
      tarball: 'https://registry.npmjs.org/rollup-plugin-node-resolve/-/rollup-plugin-node-resolve-5.2.0.tgz'
    version: 5.2.0
  registry.npmjs.org/rollup-plugin-terser/5.1.2_rollup@1.22.0:
    dependencies:
      '@babel/code-frame': registry.npmjs.org/@babel/code-frame/7.5.5
      jest-worker: registry.npmjs.org/jest-worker/24.9.0
      rollup: registry.npmjs.org/rollup/1.22.0
      rollup-pluginutils: registry.npmjs.org/rollup-pluginutils/2.8.2
      serialize-javascript: registry.npmjs.org/serialize-javascript/1.9.1
      terser: registry.npmjs.org/terser/4.3.4
    dev: true
    id: registry.npmjs.org/rollup-plugin-terser/5.1.2
    name: rollup-plugin-terser
    peerDependencies:
      rollup: '>=0.66.0 <2'
    resolution:
      integrity: sha512-sWKBCOS+vUkRtHtEiJPAf+WnBqk/C402fBD9AVHxSIXMqjsY7MnYWKYEUqGixtr0c8+1DjzUEPlNgOYQPVrS1g==
      registry: 'https://registry.npmjs.com/'
      tarball: 'https://registry.npmjs.org/rollup-plugin-terser/-/rollup-plugin-terser-5.1.2.tgz'
    version: 5.1.2
  registry.npmjs.org/rollup-plugin-typescript/1.0.1_tslib@1.10.0+typescript@3.6.3:
    dependencies:
      resolve: registry.npmjs.org/resolve/1.12.0
      rollup-pluginutils: registry.npmjs.org/rollup-pluginutils/2.8.2
      tslib: registry.npmjs.org/tslib/1.10.0
      typescript: registry.npmjs.org/typescript/3.6.3
    dev: true
    id: registry.npmjs.org/rollup-plugin-typescript/1.0.1
    name: rollup-plugin-typescript
    peerDependencies:
      tslib: '*'
      typescript: '>=2.1.0'
    resolution:
      integrity: sha512-rwJDNn9jv/NsKZuyBb/h0jsclP4CJ58qbvZt2Q9zDIGILF2LtdtvCqMOL+Gq9IVq5MTrTlHZNrn8h7VjQgd8tw==
      registry: 'https://registry.npmjs.com/'
      tarball: 'https://registry.npmjs.org/rollup-plugin-typescript/-/rollup-plugin-typescript-1.0.1.tgz'
    version: 1.0.1
  registry.npmjs.org/rollup-pluginutils/2.8.2:
    dependencies:
      estree-walker: registry.npmjs.org/estree-walker/0.6.1
    dev: true
    name: rollup-pluginutils
    resolution:
      integrity: sha512-EEp9NhnUkwY8aif6bxgovPHMoMoNr2FulJziTndpt5H9RdwC47GSGuII9XxpSdzVGM0GWrNPHV6ie1LTNJPaLQ==
      registry: 'https://registry.npmjs.com/'
      tarball: 'https://registry.npmjs.org/rollup-pluginutils/-/rollup-pluginutils-2.8.2.tgz'
    version: 2.8.2
  registry.npmjs.org/rollup/1.22.0:
    dependencies:
      '@types/estree': registry.npmjs.org/@types/estree/0.0.39
      '@types/node': registry.npmjs.org/@types/node/12.7.9
      acorn: registry.npmjs.org/acorn/7.1.0
    dev: true
    hasBin: true
    name: rollup
    resolution:
      integrity: sha512-x4l4ZrV/Mr/x/jvFTmwROdEAhbZjx16yDRTVSKWh/i4oJDuW2dVEbECT853mybYCz7BAitU8ElGlhx7dNjw3qQ==
      registry: 'https://registry.npmjs.com/'
      tarball: 'https://registry.npmjs.org/rollup/-/rollup-1.22.0.tgz'
    version: 1.22.0
  registry.npmjs.org/serialize-javascript/1.9.1:
    dev: true
    name: serialize-javascript
    resolution:
      integrity: sha512-0Vb/54WJ6k5v8sSWN09S0ora+Hnr+cX40r9F170nT+mSkaxltoE/7R3OrIdBSUv1OoiobH1QoWQbCnAO+e8J1A==
      registry: 'https://registry.npmjs.com/'
      tarball: 'https://registry.npmjs.org/serialize-javascript/-/serialize-javascript-1.9.1.tgz'
    version: 1.9.1
  registry.npmjs.org/source-map-support/0.5.13:
    dependencies:
      buffer-from: registry.npmjs.org/buffer-from/1.1.1
      source-map: registry.npmjs.org/source-map/0.6.1
    dev: true
    name: source-map-support
    resolution:
      integrity: sha512-SHSKFHadjVA5oR4PPqhtAVdcBWwRYVd6g6cAXnIbRiIwc2EhPrTuKUBdSLvlEKyIP3GCf89fltvcZiP9MMFA1w==
      registry: 'https://registry.npmjs.com/'
      tarball: 'https://registry.npmjs.org/source-map-support/-/source-map-support-0.5.13.tgz'
    version: 0.5.13
  registry.npmjs.org/source-map/0.6.1:
    dev: true
    engines:
      node: '>=0.10.0'
    name: source-map
    resolution:
      integrity: sha512-UjgapumWlbMhkBgzT7Ykc5YXUT46F0iKu8SGXq0bcwP5dz/h0Plj6enJqjz1Zbq2l5WaqYnrVbwWOWMyF3F47g==
      registry: 'https://registry.npmjs.com/'
      tarball: 'https://registry.npmjs.org/source-map/-/source-map-0.6.1.tgz'
    version: 0.6.1
  registry.npmjs.org/supports-color/5.5.0:
    dependencies:
      has-flag: registry.npmjs.org/has-flag/3.0.0
    dev: true
    engines:
      node: '>=4'
    name: supports-color
    resolution:
      integrity: sha512-QjVjwdXIt408MIiAqCX4oUKsgU2EqAGzs2Ppkm4aQYbjm+ZEWEcW4SfFNTr4uMNZma0ey4f5lgLrkB0aX0QMow==
      registry: 'https://registry.npmjs.com/'
      tarball: 'https://registry.npmjs.org/supports-color/-/supports-color-5.5.0.tgz'
    version: 5.5.0
  registry.npmjs.org/supports-color/6.1.0:
    dependencies:
      has-flag: registry.npmjs.org/has-flag/3.0.0
    dev: true
    engines:
      node: '>=6'
    name: supports-color
    resolution:
      integrity: sha512-qe1jfm1Mg7Nq/NSh6XE24gPXROEVsWHxC1LIx//XNlD9iw7YZQGjZNjYN7xGaEG6iKdA8EtNFW6R0gjnVXp+wQ==
      registry: 'https://registry.npmjs.com/'
      tarball: 'https://registry.npmjs.org/supports-color/-/supports-color-6.1.0.tgz'
    version: 6.1.0
  registry.npmjs.org/terser/4.3.4:
    dependencies:
      commander: registry.npmjs.org/commander/2.20.1
      source-map: registry.npmjs.org/source-map/0.6.1
      source-map-support: registry.npmjs.org/source-map-support/0.5.13
    dev: true
    engines:
      node: '>=6.0.0'
    hasBin: true
    name: terser
    resolution:
      integrity: sha512-Kcrn3RiW8NtHBP0ssOAzwa2MsIRQ8lJWiBG/K7JgqPlomA3mtb2DEmp4/hrUA+Jujx+WZ02zqd7GYD+QRBB/2Q==
      registry: 'https://registry.npmjs.com/'
      tarball: 'https://registry.npmjs.org/terser/-/terser-4.3.4.tgz'
    version: 4.3.4
  registry.npmjs.org/tslib/1.10.0:
    dev: true
    name: tslib
    resolution:
      integrity: sha512-qOebF53frne81cf0S9B41ByenJ3/IuH8yJKngAX35CmiZySA0khhkovshKK+jGCaMnVomla7gVlIcc3EvKPbTQ==
      registry: 'https://registry.npmjs.com/'
      tarball: 'https://registry.npmjs.org/tslib/-/tslib-1.10.0.tgz'
    version: 1.10.0
  registry.npmjs.org/typescript/3.6.3:
    dev: true
    engines:
      node: '>=4.2.0'
    hasBin: true
    name: typescript
    resolution:
      integrity: sha512-N7bceJL1CtRQ2RiG0AQME13ksR7DiuQh/QehubYcghzv20tnh+MQnQIuJddTmsbqYj+dztchykemz0zFzlvdQw==
      registry: 'https://registry.npmjs.com/'
      tarball: 'https://registry.npmjs.org/typescript/-/typescript-3.6.3.tgz'
    version: 3.6.3
